
Microsoft Visual Studio Solution File, Format Version 12.00
# Visual Studio Version 17
VisualStudioVersion = 17.0.31903.59
MinimumVisualStudioVersion = 10.0.40219.1
Project("{FAE04EC0-301F-11D3-BF4B-00C04F79EFBC}") = "Lifter.Maui", "Lifter.Maui\Lifter.Maui.csproj", "{F00BD2C0-018C-40DF-A7F7-A5597B42AD1D}"
EndProject
Project("{FAE04EC0-301F-11D3-BF4B-00C04F79EFBC}") = "Lifter.Core", "Lifter.Core\Lifter.Core.csproj", "{6DB00288-573E-45F3-B0FF-41DF6A23B136}"
EndProject
Project("{2150E333-8FDC-42A3-9474-1A3956D46DE8}") = "Libs", "Libs", "{6C4D298B-81FB-2B6B-5AB6-46205EDDC72C}"
EndProject
Project("{2150E333-8FDC-42A3-9474-1A3956D46DE8}") = "Examples", "Examples", "{B36A84DF-456D-A817-6EDD-3EC3E7F6E11F}"
EndProject
Project("{FAE04EC0-301F-11D3-BF4B-00C04F79EFBC}") = "Lifter.Examples.Maui", "Lifter.Examples.Maui\Lifter.Examples.Maui.csproj", "{BAADFA8C-7D11-4BBB-9248-44A7F7F5F85C}"
EndProject
Project("{FAE04EC0-301F-11D3-BF4B-00C04F79EFBC}") = "Lifter.Blazor", "Lifter.Blazor\Lifter.Blazor.csproj", "{4FBE18E9-AC62-4596-9F25-5F38E302D56E}"
EndProject
Project("{FAE04EC0-301F-11D3-BF4B-00C04F79EFBC}") = "Lifter.Examples.Blazor", "Lifter.Examples.Blazor\Lifter.Examples.Blazor.csproj", "{A15A69B4-E65D-4881-B9E2-5CC46B05F0DD}"
EndProject
Project("{FAE04EC0-301F-11D3-BF4B-00C04F79EFBC}") = "Lifter.Avalonia", "Lifter.Avalonia\Lifter.Avalonia.csproj", "{3FA631FA-EC16-4F2E-9E56-8C6435E6A819}"
EndProject
Project("{FAE04EC0-301F-11D3-BF4B-00C04F79EFBC}") = "Lifter.Examples.Avalonia", "Lifter.Examples.Avalonia\Lifter.Examples.Avalonia.csproj", "{40D71B5C-B179-422B-B038-BC84BBF441CC}"
EndProject
Global
	GlobalSection(SolutionConfigurationPlatforms) = preSolution
		Debug|Any CPU = Debug|Any CPU
		Debug|x64 = Debug|x64
		Debug|x86 = Debug|x86
		Release|Any CPU = Release|Any CPU
		Release|x64 = Release|x64
		Release|x86 = Release|x86
	EndGlobalSection
	GlobalSection(ProjectConfigurationPlatforms) = postSolution
		{F00BD2C0-018C-40DF-A7F7-A5597B42AD1D}.Debug|Any CPU.ActiveCfg = Debug|Any CPU
		{F00BD2C0-018C-40DF-A7F7-A5597B42AD1D}.Debug|Any CPU.Build.0 = Debug|Any CPU
		{F00BD2C0-018C-40DF-A7F7-A5597B42AD1D}.Debug|x64.ActiveCfg = Debug|Any CPU
		{F00BD2C0-018C-40DF-A7F7-A5597B42AD1D}.Debug|x64.Build.0 = Debug|Any CPU
		{F00BD2C0-018C-40DF-A7F7-A5597B42AD1D}.Debug|x86.ActiveCfg = Debug|Any CPU
		{F00BD2C0-018C-40DF-A7F7-A5597B42AD1D}.Debug|x86.Build.0 = Debug|Any CPU
		{F00BD2C0-018C-40DF-A7F7-A5597B42AD1D}.Release|Any CPU.ActiveCfg = Release|Any CPU
		{F00BD2C0-018C-40DF-A7F7-A5597B42AD1D}.Release|Any CPU.Build.0 = Release|Any CPU
		{F00BD2C0-018C-40DF-A7F7-A5597B42AD1D}.Release|x64.ActiveCfg = Release|Any CPU
		{F00BD2C0-018C-40DF-A7F7-A5597B42AD1D}.Release|x64.Build.0 = Release|Any CPU
		{F00BD2C0-018C-40DF-A7F7-A5597B42AD1D}.Release|x86.ActiveCfg = Release|Any CPU
		{F00BD2C0-018C-40DF-A7F7-A5597B42AD1D}.Release|x86.Build.0 = Release|Any CPU
		{6DB00288-573E-45F3-B0FF-41DF6A23B136}.Debug|Any CPU.ActiveCfg = Debug|Any CPU
		{6DB00288-573E-45F3-B0FF-41DF6A23B136}.Debug|Any CPU.Build.0 = Debug|Any CPU
		{6DB00288-573E-45F3-B0FF-41DF6A23B136}.Debug|x64.ActiveCfg = Debug|Any CPU
		{6DB00288-573E-45F3-B0FF-41DF6A23B136}.Debug|x64.Build.0 = Debug|Any CPU
		{6DB00288-573E-45F3-B0FF-41DF6A23B136}.Debug|x86.ActiveCfg = Debug|Any CPU
		{6DB00288-573E-45F3-B0FF-41DF6A23B136}.Debug|x86.Build.0 = Debug|Any CPU
		{6DB00288-573E-45F3-B0FF-41DF6A23B136}.Release|Any CPU.ActiveCfg = Release|Any CPU
		{6DB00288-573E-45F3-B0FF-41DF6A23B136}.Release|Any CPU.Build.0 = Release|Any CPU
		{6DB00288-573E-45F3-B0FF-41DF6A23B136}.Release|x64.ActiveCfg = Release|Any CPU
		{6DB00288-573E-45F3-B0FF-41DF6A23B136}.Release|x64.Build.0 = Release|Any CPU
		{6DB00288-573E-45F3-B0FF-41DF6A23B136}.Release|x86.ActiveCfg = Release|Any CPU
		{6DB00288-573E-45F3-B0FF-41DF6A23B136}.Release|x86.Build.0 = Release|Any CPU
		{BAADFA8C-7D11-4BBB-9248-44A7F7F5F85C}.Debug|Any CPU.ActiveCfg = Debug|Any CPU
		{BAADFA8C-7D11-4BBB-9248-44A7F7F5F85C}.Debug|Any CPU.Build.0 = Debug|Any CPU
		{BAADFA8C-7D11-4BBB-9248-44A7F7F5F85C}.Debug|Any CPU.Deploy.0 = Debug|Any CPU
		{BAADFA8C-7D11-4BBB-9248-44A7F7F5F85C}.Debug|x64.ActiveCfg = Debug|Any CPU
		{BAADFA8C-7D11-4BBB-9248-44A7F7F5F85C}.Debug|x64.Build.0 = Debug|Any CPU
		{BAADFA8C-7D11-4BBB-9248-44A7F7F5F85C}.Debug|x86.ActiveCfg = Debug|Any CPU
		{BAADFA8C-7D11-4BBB-9248-44A7F7F5F85C}.Debug|x86.Build.0 = Debug|Any CPU
		{BAADFA8C-7D11-4BBB-9248-44A7F7F5F85C}.Release|Any CPU.ActiveCfg = Release|Any CPU
		{BAADFA8C-7D11-4BBB-9248-44A7F7F5F85C}.Release|Any CPU.Build.0 = Release|Any CPU
		{BAADFA8C-7D11-4BBB-9248-44A7F7F5F85C}.Release|Any CPU.Deploy.0 = Release|Any CPU
		{BAADFA8C-7D11-4BBB-9248-44A7F7F5F85C}.Release|x64.ActiveCfg = Release|Any CPU
		{BAADFA8C-7D11-4BBB-9248-44A7F7F5F85C}.Release|x64.Build.0 = Release|Any CPU
		{BAADFA8C-7D11-4BBB-9248-44A7F7F5F85C}.Release|x86.ActiveCfg = Release|Any CPU
		{BAADFA8C-7D11-4BBB-9248-44A7F7F5F85C}.Release|x86.Build.0 = Release|Any CPU
		{4FBE18E9-AC62-4596-9F25-5F38E302D56E}.Debug|Any CPU.ActiveCfg = Debug|Any CPU
		{4FBE18E9-AC62-4596-9F25-5F38E302D56E}.Debug|Any CPU.Build.0 = Debug|Any CPU
		{4FBE18E9-AC62-4596-9F25-5F38E302D56E}.Debug|x64.ActiveCfg = Debug|Any CPU
		{4FBE18E9-AC62-4596-9F25-5F38E302D56E}.Debug|x64.Build.0 = Debug|Any CPU
		{4FBE18E9-AC62-4596-9F25-5F38E302D56E}.Debug|x86.ActiveCfg = Debug|Any CPU
		{4FBE18E9-AC62-4596-9F25-5F38E302D56E}.Debug|x86.Build.0 = Debug|Any CPU
		{4FBE18E9-AC62-4596-9F25-5F38E302D56E}.Release|Any CPU.ActiveCfg = Release|Any CPU
		{4FBE18E9-AC62-4596-9F25-5F38E302D56E}.Release|Any CPU.Build.0 = Release|Any CPU
		{4FBE18E9-AC62-4596-9F25-5F38E302D56E}.Release|x64.ActiveCfg = Release|Any CPU
		{4FBE18E9-AC62-4596-9F25-5F38E302D56E}.Release|x64.Build.0 = Release|Any CPU
		{4FBE18E9-AC62-4596-9F25-5F38E302D56E}.Release|x86.ActiveCfg = Release|Any CPU
		{4FBE18E9-AC62-4596-9F25-5F38E302D56E}.Release|x86.Build.0 = Release|Any CPU
		{A15A69B4-E65D-4881-B9E2-5CC46B05F0DD}.Debug|Any CPU.ActiveCfg = Debug|Any CPU
		{A15A69B4-E65D-4881-B9E2-5CC46B05F0DD}.Debug|Any CPU.Build.0 = Debug|Any CPU
		{A15A69B4-E65D-4881-B9E2-5CC46B05F0DD}.Debug|x64.ActiveCfg = Debug|Any CPU
		{A15A69B4-E65D-4881-B9E2-5CC46B05F0DD}.Debug|x64.Build.0 = Debug|Any CPU
		{A15A69B4-E65D-4881-B9E2-5CC46B05F0DD}.Debug|x86.ActiveCfg = Debug|Any CPU
		{A15A69B4-E65D-4881-B9E2-5CC46B05F0DD}.Debug|x86.Build.0 = Debug|Any CPU
		{A15A69B4-E65D-4881-B9E2-5CC46B05F0DD}.Release|Any CPU.ActiveCfg = Release|Any CPU
		{A15A69B4-E65D-4881-B9E2-5CC46B05F0DD}.Release|Any CPU.Build.0 = Release|Any CPU
		{A15A69B4-E65D-4881-B9E2-5CC46B05F0DD}.Release|x64.ActiveCfg = Release|Any CPU
		{A15A69B4-E65D-4881-B9E2-5CC46B05F0DD}.Release|x64.Build.0 = Release|Any CPU
		{A15A69B4-E65D-4881-B9E2-5CC46B05F0DD}.Release|x86.ActiveCfg = Release|Any CPU
		{A15A69B4-E65D-4881-B9E2-5CC46B05F0DD}.Release|x86.Build.0 = Release|Any CPU
		{3FA631FA-EC16-4F2E-9E56-8C6435E6A819}.Debug|Any CPU.ActiveCfg = Debug|Any CPU
		{3FA631FA-EC16-4F2E-9E56-8C6435E6A819}.Debug|Any CPU.Build.0 = Debug|Any CPU
		{3FA631FA-EC16-4F2E-9E56-8C6435E6A819}.Debug|x64.ActiveCfg = Debug|Any CPU
		{3FA631FA-EC16-4F2E-9E56-8C6435E6A819}.Debug|x64.Build.0 = Debug|Any CPU
		{3FA631FA-EC16-4F2E-9E56-8C6435E6A819}.Debug|x86.ActiveCfg = Debug|Any CPU
		{3FA631FA-EC16-4F2E-9E56-8C6435E6A819}.Debug|x86.Build.0 = Debug|Any CPU
		{3FA631FA-EC16-4F2E-9E56-8C6435E6A819}.Release|Any CPU.ActiveCfg = Release|Any CPU
		{3FA631FA-EC16-4F2E-9E56-8C6435E6A819}.Release|Any CPU.Build.0 = Release|Any CPU
		{3FA631FA-EC16-4F2E-9E56-8C6435E6A819}.Release|x64.ActiveCfg = Release|Any CPU
		{3FA631FA-EC16-4F2E-9E56-8C6435E6A819}.Release|x64.Build.0 = Release|Any CPU
		{3FA631FA-EC16-4F2E-9E56-8C6435E6A819}.Release|x86.ActiveCfg = Release|Any CPU
		{3FA631FA-EC16-4F2E-9E56-8C6435E6A819}.Release|x86.Build.0 = Release|Any CPU
		{40D71B5C-B179-422B-B038-BC84BBF441CC}.Debug|Any CPU.ActiveCfg = Debug|Any CPU
		{40D71B5C-B179-422B-B038-BC84BBF441CC}.Debug|Any CPU.Build.0 = Debug|Any CPU
		{40D71B5C-B179-422B-B038-BC84BBF441CC}.Debug|x64.ActiveCfg = Debug|Any CPU
		{40D71B5C-B179-422B-B038-BC84BBF441CC}.Debug|x64.Build.0 = Debug|Any CPU
		{40D71B5C-B179-422B-B038-BC84BBF441CC}.Debug|x86.ActiveCfg = Debug|Any CPU
		{40D71B5C-B179-422B-B038-BC84BBF441CC}.Debug|x86.Build.0 = Debug|Any CPU
		{40D71B5C-B179-422B-B038-BC84BBF441CC}.Release|Any CPU.ActiveCfg = Release|Any CPU
		{40D71B5C-B179-422B-B038-BC84BBF441CC}.Release|Any CPU.Build.0 = Release|Any CPU
		{40D71B5C-B179-422B-B038-BC84BBF441CC}.Release|x64.ActiveCfg = Release|Any CPU
		{40D71B5C-B179-422B-B038-BC84BBF441CC}.Release|x64.Build.0 = Release|Any CPU
		{40D71B5C-B179-422B-B038-BC84BBF441CC}.Release|x86.ActiveCfg = Release|Any CPU
		{40D71B5C-B179-422B-B038-BC84BBF441CC}.Release|x86.Build.0 = Release|Any CPU
	EndGlobalSection
	GlobalSection(SolutionProperties) = preSolution
		HideSolutionNode = FALSE
	EndGlobalSection
	GlobalSection(NestedProjects) = preSolution
		{F00BD2C0-018C-40DF-A7F7-A5597B42AD1D} = {6C4D298B-81FB-2B6B-5AB6-46205EDDC72C}
		{6DB00288-573E-45F3-B0FF-41DF6A23B136} = {6C4D298B-81FB-2B6B-5AB6-46205EDDC72C}
		{BAADFA8C-7D11-4BBB-9248-44A7F7F5F85C} = {B36A84DF-456D-A817-6EDD-3EC3E7F6E11F}
		{4FBE18E9-AC62-4596-9F25-5F38E302D56E} = {6C4D298B-81FB-2B6B-5AB6-46205EDDC72C}
		{A15A69B4-E65D-4881-B9E2-5CC46B05F0DD} = {B36A84DF-456D-A817-6EDD-3EC3E7F6E11F}
		{40D71B5C-B179-422B-B038-BC84BBF441CC} = {B36A84DF-456D-A817-6EDD-3EC3E7F6E11F}
	EndGlobalSection
	GlobalSection(ExtensibilityGlobals) = postSolution
		SolutionGuid = {1876603C-F450-468B-A50B-D8A1D19C2942}
	EndGlobalSection
EndGlobal
